{
    "_readme": [
        "This file locks the dependencies of your project to a known state",
        "Read more about it at https://getcomposer.org/doc/01-basic-usage.md#composer-lock-the-lock-file",
        "This file is @generated automatically"
    ],
    "content-hash": "4e063d8587088558536cbdd89956f553",
    "packages": [
        {
            "name": "asmodeusta/html-generator",
            "version": "dev-master",
            "source": {
                "type": "git",
                "url": "https://github.com/asmodeusta/html-generator.git",
                "reference": "facf6ba5dd0d7ad018089cb34bd0e93201804086"
            },
            "dist": {
                "type": "zip",
                "url": "https://api.github.com/repos/asmodeusta/html-generator/zipball/facf6ba5dd0d7ad018089cb34bd0e93201804086",
                "reference": "facf6ba5dd0d7ad018089cb34bd0e93201804086",
                "shasum": ""
            },
            "require": {
                "php": ">=7.1.0"
            },
            "type": "project",
            "autoload": {
                "files": [
                    "functions.php"
                ],
                "psr-4": {
                    "Usf\\HtmlGenerator\\": "src/"
                }
            },
            "license": [
                "usf"
            ],
            "authors": [
                {
                    "name": "asmodeusta",
                    "email": "asmodeusta@gmail.com",
                    "role": "master"
                }
            ],
            "description": "HTML-generator for Usf",
            "keywords": [
                "html-generator",
                "usf"
            ],
            "support": {
                "source": "https://github.com/asmodeusta/html-generator/tree/master",
                "issues": "https://github.com/asmodeusta/html-generator/issues"
            },
            "time": "2019-06-21T12:42:15+00:00"
        }
    ],
    "packages-dev": [],
    "aliases": [],
    "minimum-stability": "stable",
    "stability-flags": {
        "asmodeusta/html-generator": 20
    },
    "prefer-stable": false,
    "prefer-lowest": false,
    "platform": {
        "php": ">=7.1.0",
        "ext-pdo": "*"
    },
    "platform-dev": []
}
